{
  "lockfileVersion": 1,
  "workspaces": {
    "": {
      "name": "terrorlink",
      "devDependencies": {
        "@biomejs/biome": "1.9.4",
        "@types/bun": "latest",
      },
      "peerDependencies": {
        "typescript": "^5.7.3",
      },
    },
    "packages/build-url": {
      "name": "build-url",
      "dependencies": {
        "webview-bun": "^2.3.0",
      },
    },
    "packages/encryption": {
      "name": "encryption",
    },
    "packages/gamestate": {
      "name": "gamestate",
    },
    "packages/jsonvalue": {
      "name": "jsonvalue",
    },
    "packages/networking": {
      "name": "networking",
    },
    "packages/noop": {
      "name": "noop",
    },
    "packages/window": {
      "name": "window",
      "dependencies": {
        "webview-bun": "^2.3.0",
      },
    },
    "projects/terrorlink-client": {
      "name": "terrorlink-client",
      "dependencies": {
        "bytes": "^3.1.2",
        "elysia": "^1.2.21",
        "fs-extra": "^11.3.0",
        "get-port": "^7.1.0",
        "jwt-simple": "^0.5.6",
        "node-web-audio-api": "^1.0.1",
        "open": "^10.1.0",
        "p-event": "^6.0.1",
      },
      "devDependencies": {
        "@types/bytes": "^3.1.5",
        "@types/fs-extra": "^11.0.4",
      },
    },
    "projects/terrorlink-server": {
      "name": "terrorlink",
      "dependencies": {
        "async-mutex": "^0.5.0",
        "bytes": "^3.1.2",
        "jwt-simple": "^0.5.6",
        "p-event": "^6.0.1",
        "peerjs": "^1.5.4",
        "react": "^19.1.0",
        "react-dom": "^19.1.0",
        "steam-signin": "^1.0.5",
      },
      "devDependencies": {
        "@types/react": "^19.1.0",
        "@types/react-dom": "^19.1.2",
      },
    },
  },
  "trustedDependencies": [
    "@biomejs/biome",
  ],
  "patchedDependencies": {
    "node-web-audio-api@1.0.1": "patches/node-web-audio-api@1.0.1.patch",
  },
  "packages": {
    "@biomejs/biome": ["@biomejs/biome@1.9.4", "", { "optionalDependencies": { "@biomejs/cli-darwin-arm64": "1.9.4", "@biomejs/cli-darwin-x64": "1.9.4", "@biomejs/cli-linux-arm64": "1.9.4", "@biomejs/cli-linux-arm64-musl": "1.9.4", "@biomejs/cli-linux-x64": "1.9.4", "@biomejs/cli-linux-x64-musl": "1.9.4", "@biomejs/cli-win32-arm64": "1.9.4", "@biomejs/cli-win32-x64": "1.9.4" }, "bin": { "biome": "bin/biome" } }, "sha512-1rkd7G70+o9KkTn5KLmDYXihGoTaIGO9PIIN2ZB7UJxFrWw04CZHPYiMRjYsaDvVV7hP1dYNRLxSANLaBFGpog=="],

    "@biomejs/cli-darwin-arm64": ["@biomejs/cli-darwin-arm64@1.9.4", "", { "os": "darwin", "cpu": "arm64" }, "sha512-bFBsPWrNvkdKrNCYeAp+xo2HecOGPAy9WyNyB/jKnnedgzl4W4Hb9ZMzYNbf8dMCGmUdSavlYHiR01QaYR58cw=="],

    "@biomejs/cli-darwin-x64": ["@biomejs/cli-darwin-x64@1.9.4", "", { "os": "darwin", "cpu": "x64" }, "sha512-ngYBh/+bEedqkSevPVhLP4QfVPCpb+4BBe2p7Xs32dBgs7rh9nY2AIYUL6BgLw1JVXV8GlpKmb/hNiuIxfPfZg=="],

    "@biomejs/cli-linux-arm64": ["@biomejs/cli-linux-arm64@1.9.4", "", { "os": "linux", "cpu": "arm64" }, "sha512-fJIW0+LYujdjUgJJuwesP4EjIBl/N/TcOX3IvIHJQNsAqvV2CHIogsmA94BPG6jZATS4Hi+xv4SkBBQSt1N4/g=="],

    "@biomejs/cli-linux-arm64-musl": ["@biomejs/cli-linux-arm64-musl@1.9.4", "", { "os": "linux", "cpu": "arm64" }, "sha512-v665Ct9WCRjGa8+kTr0CzApU0+XXtRgwmzIf1SeKSGAv+2scAlW6JR5PMFo6FzqqZ64Po79cKODKf3/AAmECqA=="],

    "@biomejs/cli-linux-x64": ["@biomejs/cli-linux-x64@1.9.4", "", { "os": "linux", "cpu": "x64" }, "sha512-lRCJv/Vi3Vlwmbd6K+oQ0KhLHMAysN8lXoCI7XeHlxaajk06u7G+UsFSO01NAs5iYuWKmVZjmiOzJ0OJmGsMwg=="],

    "@biomejs/cli-linux-x64-musl": ["@biomejs/cli-linux-x64-musl@1.9.4", "", { "os": "linux", "cpu": "x64" }, "sha512-gEhi/jSBhZ2m6wjV530Yy8+fNqG8PAinM3oV7CyO+6c3CEh16Eizm21uHVsyVBEB6RIM8JHIl6AGYCv6Q6Q9Tg=="],

    "@biomejs/cli-win32-arm64": ["@biomejs/cli-win32-arm64@1.9.4", "", { "os": "win32", "cpu": "arm64" }, "sha512-tlbhLk+WXZmgwoIKwHIHEBZUwxml7bRJgk0X2sPyNR3S93cdRq6XulAZRQJ17FYGGzWne0fgrXBKpl7l4M87Hg=="],

    "@biomejs/cli-win32-x64": ["@biomejs/cli-win32-x64@1.9.4", "", { "os": "win32", "cpu": "x64" }, "sha512-8Y5wMhVIPaWe6jw2H+KlEm4wP/f7EW3810ZLmDlrEEy5KvBsb9ECEfu/kMWD484ijfQ8+nIi0giMgu9g1UAuuA=="],

    "@msgpack/msgpack": ["@msgpack/msgpack@2.8.0", "", {}, "sha512-h9u4u/jiIRKbq25PM+zymTyW6bhTzELvOoUd+AvYriWOAKpLGnIamaET3pnHYoI5iYphAHBI4ayx0MehR+VVPQ=="],

    "@sinclair/typebox": ["@sinclair/typebox@0.34.27", "", {}, "sha512-C7mxE1VC3WC2McOufZXEU48IfRVI+BcKxk4NOyNn3+JMUNdJHEWGS5CqjuDX+ij2NCCz8/nse1mT7yn8Fv2GHg=="],

    "@types/bun": ["@types/bun@1.2.8", "", { "dependencies": { "bun-types": "1.2.7" } }, "sha512-t8L1RvJVUghW5V+M/fL3Thbxcs0HwNsXsnTEBEfEVqGteiJToOlZ/fyOEaR1kZsNqnu+3XA4RI/qmnX4w6+S+w=="],

    "@types/bytes": ["@types/bytes@3.1.5", "", {}, "sha512-VgZkrJckypj85YxEsEavcMmmSOIzkUHqWmM4CCyia5dc54YwsXzJ5uT4fYxBQNEXx+oF1krlhgCbvfubXqZYsQ=="],

    "@types/fs-extra": ["@types/fs-extra@11.0.4", "", { "dependencies": { "@types/jsonfile": "*", "@types/node": "*" } }, "sha512-yTbItCNreRooED33qjunPthRcSjERP1r4MqCZc7wv0u2sUkzTFp45tgUfS5+r7FrZPdmCCNflLhVSP/o+SemsQ=="],

    "@types/jsonfile": ["@types/jsonfile@6.1.4", "", { "dependencies": { "@types/node": "*" } }, "sha512-D5qGUYwjvnNNextdU59/+fI+spnwtTFmyQP0h+PfIOSkNfpU6AOICUOkm4i0OnSk+NyjdPJrxCDro0sJsWlRpQ=="],

    "@types/node": ["@types/node@22.13.4", "", { "dependencies": { "undici-types": "~6.20.0" } }, "sha512-ywP2X0DYtX3y08eFVx5fNIw7/uIv8hYUKgXoK8oayJlLnKcRfEYCxWMVE1XagUdVtCJlZT1AU4LXEABW+L1Peg=="],

    "@types/react": ["@types/react@19.1.0", "", { "dependencies": { "csstype": "^3.0.2" } }, "sha512-UaicktuQI+9UKyA4njtDOGBD/67t8YEBt2xdfqu8+gP9hqPUPsiXlNPcpS2gVdjmis5GKPG3fCxbQLVgxsQZ8w=="],

    "@types/react-dom": ["@types/react-dom@19.1.2", "", { "peerDependencies": { "@types/react": "^19.0.0" } }, "sha512-XGJkWF41Qq305SKWEILa1O8vzhb3aOo3ogBlSmiqNko/WmRb6QIaweuZCXjKygVDXpzXb5wyxKTSOsmkuqj+Qw=="],

    "@types/ws": ["@types/ws@8.5.14", "", { "dependencies": { "@types/node": "*" } }, "sha512-bd/YFLW+URhBzMXurx7lWByOu+xzU9+kb3RboOteXYDfW+tr+JZa99OyNmPINEGB/ahzKrEuc8rcv4gnpJmxTw=="],

    "async-mutex": ["async-mutex@0.5.0", "", { "dependencies": { "tslib": "^2.4.0" } }, "sha512-1A94B18jkJ3DYq284ohPxoXbfTA5HsQ7/Mf4DEhcyLx3Bz27Rh59iScbB6EPiP+B+joue6YCxcMXSbFC1tZKwA=="],

    "build-url": ["build-url@workspace:packages/build-url"],

    "bun-types": ["bun-types@1.2.7", "", { "dependencies": { "@types/node": "*", "@types/ws": "*" } }, "sha512-P4hHhk7kjF99acXqKvltyuMQ2kf/rzIw3ylEDpCxDS9Xa0X0Yp/gJu/vDCucmWpiur5qJ0lwB2bWzOXa2GlHqA=="],

    "bundle-name": ["bundle-name@4.1.0", "", { "dependencies": { "run-applescript": "^7.0.0" } }, "sha512-tjwM5exMg6BGRI+kNmTntNsvdZS1X8BFYS6tnJ2hdH0kVxM6/eVZ2xy+FqStSWvYmtfFMDLIxurorHwDKfDz5Q=="],

    "bytes": ["bytes@3.1.2", "", {}, "sha512-/Nf7TyzTx6S3yRJObOAV7956r8cr2+Oj8AC5dt8wSP3BQAoeX58NoHyCU8P8zGkNXStjTSi6fzO6F0pBdcYbEg=="],

    "caller": ["caller@1.1.0", "", {}, "sha512-n+21IZC3j06YpCWaxmUy5AnVqhmCIM2bQtqQyy00HJlmStRt6kwDX5F9Z97pqwAB+G/tgSz6q/kUBbNyQzIubw=="],

    "cookie": ["cookie@1.0.2", "", {}, "sha512-9Kr/j4O16ISv8zBBhJoi4bXOYNTkFLOqSL3UDB0njXxCXNezjeyVrJyGOWtgfs/q2km1gwBcfH8q1yEGoMYunA=="],

    "csstype": ["csstype@3.1.3", "", {}, "sha512-M1uQkMl8rQK/szD0LNhtqxIPLpimGm8sOBwU7lLnCpSbTyY3yeU1Vc7l4KT5zT4s/yOxHH5O7tIuuLOCnLADRw=="],

    "data-uri-to-buffer": ["data-uri-to-buffer@4.0.1", "", {}, "sha512-0R9ikRb668HB7QDxT1vkpuUBtqc53YyAwMwGeUFKRojY/NWKvdZ+9UYtRfGmhqNbRkTSVpMbmyhXipFFv2cb/A=="],

    "default-browser": ["default-browser@5.2.1", "", { "dependencies": { "bundle-name": "^4.1.0", "default-browser-id": "^5.0.0" } }, "sha512-WY/3TUME0x3KPYdRRxEJJvXRHV4PyPoUsxtZa78lwItwRQRHhd2U9xOscaT/YTf8uCXIAjeJOFBVEh/7FtD8Xg=="],

    "default-browser-id": ["default-browser-id@5.0.0", "", {}, "sha512-A6p/pu/6fyBcA1TRz/GqWYPViplrftcW2gZC9q79ngNCKAeR/X3gcEdXQHl4KNXV+3wgIJ1CPkJQ3IHM6lcsyA=="],

    "define-lazy-prop": ["define-lazy-prop@3.0.0", "", {}, "sha512-N+MeXYoqr3pOgn8xfyRPREN7gHakLYjhsHhWGT3fWAiL4IkAt0iDw14QiiEm2bE30c5XX5q0FtAA3CK5f9/BUg=="],

    "elysia": ["elysia@1.2.21", "", { "dependencies": { "@sinclair/typebox": "^0.34.27", "cookie": "^1.0.2", "memoirist": "^0.3.0", "openapi-types": "^12.1.3" }, "peerDependencies": { "typescript": ">= 5.0.0" }, "optionalPeers": ["typescript"] }, "sha512-E9b1JcB7fiQ2ptk24W8OnBrMYUoKzffIXob9uTVUKhqOKxaXAd9UyWBeyr7JCDa/VD/b/9S8aIey9/YJsK5sLg=="],

    "encryption": ["encryption@workspace:packages/encryption"],

    "eventemitter3": ["eventemitter3@4.0.7", "", {}, "sha512-8guHBZCwKnFhYdHr2ysuRWErTwhoN2X8XELRlrRwpmfeY2jjuUN4taQMsULKUVo1K4DvZl+0pgfyoysHxvmvEw=="],

    "fetch-blob": ["fetch-blob@3.2.0", "", { "dependencies": { "node-domexception": "^1.0.0", "web-streams-polyfill": "^3.0.3" } }, "sha512-7yAQpD2UMJzLi1Dqv7qFYnPbaPx7ZfFK6PiIxQ4PfkGPyNyl2Ugx+a/umUonmKqjhM4DnfbMvdX6otXq83soQQ=="],

    "formdata-polyfill": ["formdata-polyfill@4.0.10", "", { "dependencies": { "fetch-blob": "^3.1.2" } }, "sha512-buewHzMvYL29jdeQTVILecSaZKnt/RJWjoZCF5OW60Z67/GmSLBkOFM7qh1PI3zFNtJbaZL5eQu1vLfazOwj4g=="],

    "fs-extra": ["fs-extra@11.3.0", "", { "dependencies": { "graceful-fs": "^4.2.0", "jsonfile": "^6.0.1", "universalify": "^2.0.0" } }, "sha512-Z4XaCL6dUDHfP/jT25jJKMmtxvuwbkrD1vNSMFlo9lNLY2c5FHYSQgHPRZUjAB26TpDEoW9HCOgplrdbaPV/ew=="],

    "gamestate": ["gamestate@workspace:packages/gamestate"],

    "get-port": ["get-port@7.1.0", "", {}, "sha512-QB9NKEeDg3xxVwCCwJQ9+xycaz6pBB6iQ76wiWMl1927n0Kir6alPiP+yuiICLLU4jpMe08dXfpebuQppFA2zw=="],

    "graceful-fs": ["graceful-fs@4.2.11", "", {}, "sha512-RbJ5/jmFcNNCcDV5o9eTnBLJ/HszWV0P73bc+Ff4nS/rJj+YaS6IGyiOL0VoBYX+l1Wrl3k63h/KrH+nhJ0XvQ=="],

    "is-docker": ["is-docker@3.0.0", "", { "bin": { "is-docker": "cli.js" } }, "sha512-eljcgEDlEns/7AXFosB5K/2nCM4P7FQPkGc/DWLy5rmFEWvZayGrik1d9/QIY5nJ4f9YsVvBkA6kJpHn9rISdQ=="],

    "is-inside-container": ["is-inside-container@1.0.0", "", { "dependencies": { "is-docker": "^3.0.0" }, "bin": { "is-inside-container": "cli.js" } }, "sha512-KIYLCCJghfHZxqjYBE7rEy0OBuTd5xCHS7tHVgvCLkx7StIoaxwNW3hCALgEUjFfeRk+MG/Qxmp/vtETEF3tRA=="],

    "is-wsl": ["is-wsl@3.1.0", "", { "dependencies": { "is-inside-container": "^1.0.0" } }, "sha512-UcVfVfaK4Sc4m7X3dUSoHoozQGBEFeDC+zVo06t98xe8CzHSZZBekNXH+tu0NalHolcJ/QAGqS46Hef7QXBIMw=="],

    "jsonfile": ["jsonfile@6.1.0", "", { "dependencies": { "universalify": "^2.0.0" }, "optionalDependencies": { "graceful-fs": "^4.1.6" } }, "sha512-5dgndWOriYSm5cnYaJNhalLNDKOqFwyDB/rr1E9ZsGciGvKPs8R2xYGCacuf3z6K1YKDz182fd+fY3cn3pMqXQ=="],

    "jsonvalue": ["jsonvalue@workspace:packages/jsonvalue"],

    "jwt-simple": ["jwt-simple@0.5.6", "", {}, "sha512-40aUybvhH9t2h71ncA1/1SbtTNCVZHgsTsTgqPUxGWDmUDrXyDf2wMNQKEbdBjbf4AI+fQhbECNTV6lWxQKUzg=="],

    "memoirist": ["memoirist@0.3.0", "", {}, "sha512-wR+4chMgVPq+T6OOsk40u9Wlpw1Pjx66NMNiYxCQQ4EUJ7jDs3D9kTCeKdBOkvAiqXlHLVJlvYL01PvIJ1MPNg=="],

    "networking": ["networking@workspace:packages/networking"],

    "node-domexception": ["node-domexception@1.0.0", "", {}, "sha512-/jKZoMpw0F8GRwl4/eLROPA3cfcXtLApP0QzLmUT/HuPCZWyB7IY9ZrMeKw2O/nFIqPQB3PVM9aYm0F312AXDQ=="],

    "node-fetch": ["node-fetch@3.3.2", "", { "dependencies": { "data-uri-to-buffer": "^4.0.0", "fetch-blob": "^3.1.4", "formdata-polyfill": "^4.0.10" } }, "sha512-dRB78srN/l6gqWulah9SrxeYnxeddIG30+GOqK/9OlLVyLg3HPnr6SqOWTWOXKRwC2eGYCkZ59NNuSgvSrpgOA=="],

    "node-web-audio-api": ["node-web-audio-api@1.0.1", "", { "dependencies": { "caller": "^1.1.0", "node-fetch": "^3.3.2", "webidl-conversions": "^7.0.0" } }, "sha512-evnkBrcZvPBjc3mMWe/U2/xxPQSYturn0HYaKS31Yqyz4ifGb89hFxrCqQYOZqMnEo2f64W9s7lFmDEhjVXAvg=="],

    "noop": ["noop@workspace:packages/noop"],

    "open": ["open@10.1.0", "", { "dependencies": { "default-browser": "^5.2.1", "define-lazy-prop": "^3.0.0", "is-inside-container": "^1.0.0", "is-wsl": "^3.1.0" } }, "sha512-mnkeQ1qP5Ue2wd+aivTD3NHd/lZ96Lu0jgf0pwktLPtx6cTZiH7tyeGRRHs0zX0rbrahXPnXlUnbeXyaBBuIaw=="],

    "openapi-types": ["openapi-types@12.1.3", "", {}, "sha512-N4YtSYJqghVu4iek2ZUvcN/0aqH1kRDuNqzcycDxhOUpg7GdvLa2F3DgS6yBNhInhv2r/6I0Flkn7CqL8+nIcw=="],

    "p-event": ["p-event@6.0.1", "", { "dependencies": { "p-timeout": "^6.1.2" } }, "sha512-Q6Bekk5wpzW5qIyUP4gdMEujObYstZl6DMMOSenwBvV0BlE5LkDwkjs5yHbZmdCEq2o4RJx4tE1vwxFVf2FG1w=="],

    "p-timeout": ["p-timeout@6.1.4", "", {}, "sha512-MyIV3ZA/PmyBN/ud8vV9XzwTrNtR4jFrObymZYnZqMmW0zA8Z17vnT0rBgFE/TlohB+YCHqXMgZzb3Csp49vqg=="],

    "peerjs": ["peerjs@1.5.4", "", { "dependencies": { "@msgpack/msgpack": "^2.8.0", "eventemitter3": "^4.0.7", "peerjs-js-binarypack": "^2.1.0", "webrtc-adapter": "^9.0.0" } }, "sha512-yFsoLMnurJKlQbx6kVSBpOp+AlNldY1JQS2BrSsHLKCZnq6t7saHleuHM5svuLNbQkUJXHLF3sKOJB1K0xulOw=="],

    "peerjs-js-binarypack": ["peerjs-js-binarypack@2.1.0", "", {}, "sha512-YIwCC+pTzp3Bi8jPI9UFKO0t0SLo6xALnHkiNt/iUFmUUZG0fEEmEyFKvjsDKweiFitzHRyhuh6NvyJZ4nNxMg=="],

    "react": ["react@19.1.0", "", {}, "sha512-FS+XFBNvn3GTAWq26joslQgWNoFu08F4kl0J4CgdNKADkdSGXQyTCnKteIAJy96Br6YbpEU1LSzV5dYtjMkMDg=="],

    "react-dom": ["react-dom@19.1.0", "", { "dependencies": { "scheduler": "^0.26.0" }, "peerDependencies": { "react": "^19.1.0" } }, "sha512-Xs1hdnE+DyKgeHJeJznQmYMIBG3TKIHJJT95Q58nHLSrElKlGQqDTR2HQ9fx5CN/Gk6Vh/kupBTDLU11/nDk/g=="],

    "run-applescript": ["run-applescript@7.0.0", "", {}, "sha512-9by4Ij99JUr/MCFBUkDKLWK3G9HVXmabKz9U5MlIAIuvuzkiOicRYs8XJLxX+xahD+mLiiCYDqF9dKAgtzKP1A=="],

    "scheduler": ["scheduler@0.26.0", "", {}, "sha512-NlHwttCI/l5gCPR3D1nNXtWABUmBwvZpEQiD4IXSbIDq8BzLIK/7Ir5gTFSGZDUu37K5cMNp0hFtzO38sC7gWA=="],

    "sdp": ["sdp@3.2.0", "", {}, "sha512-d7wDPgDV3DDiqulJjKiV2865wKsJ34YI+NDREbm+FySq6WuKOikwyNQcm+doLAZ1O6ltdO0SeKle2xMpN3Brgw=="],

    "steam-signin": ["steam-signin@1.0.5", "", { "dependencies": { "steamid": "^2.0.0" } }, "sha512-GqYaQjcbHbFkWeoxNGiCjsuQXqoGtJlZxLYfMHyenlSRJXocsZJDbSqoT/lxu+gtE46++WJCw3b6a+65ib2jiA=="],

    "steamid": ["steamid@2.1.0", "", {}, "sha512-ndt1cvuuSC+i8fcxVsmeyRlgGsR1QsoAuIXz+eabj8/Y4GIWE2+mgHA7Hys61JDHOxttfWtXHtN2m5TNYTlORg=="],

    "terrorlink": ["terrorlink@workspace:projects/terrorlink-server"],

    "terrorlink-client": ["terrorlink-client@workspace:projects/terrorlink-client"],

    "tslib": ["tslib@2.8.1", "", {}, "sha512-oJFu94HQb+KVduSUQL7wnpmqnfmLsOA/nAh6b6EH0wCEoK0/mPeXU6c3wKDV83MkOuHPRHtSXKKU99IBazS/2w=="],

    "typescript": ["typescript@5.7.3", "", { "bin": { "tsc": "bin/tsc", "tsserver": "bin/tsserver" } }, "sha512-84MVSjMEHP+FQRPy3pX9sTVV/INIex71s9TL2Gm5FG/WG1SqXeKyZ0k7/blY/4FdOzI12CBy1vGc4og/eus0fw=="],

    "undici-types": ["undici-types@6.20.0", "", {}, "sha512-Ny6QZ2Nju20vw1SRHe3d9jVu6gJ+4e3+MMpqu7pqE5HT6WsTSlce++GQmK5UXS8mzV8DSYHrQH+Xrf2jVcuKNg=="],

    "universalify": ["universalify@2.0.1", "", {}, "sha512-gptHNQghINnc/vTGIk0SOFGFNXw7JVrlRUtConJRlvaw6DuX0wO5Jeko9sWrMBhh+PsYAZ7oXAiOnf/UKogyiw=="],

    "web-streams-polyfill": ["web-streams-polyfill@3.3.3", "", {}, "sha512-d2JWLCivmZYTSIoge9MsgFCZrt571BikcWGYkjC1khllbTeDlGqZ2D8vD8E/lJa8WGWbb7Plm8/XJYV7IJHZZw=="],

    "webidl-conversions": ["webidl-conversions@7.0.0", "", {}, "sha512-VwddBukDzu71offAQR975unBIGqfKZpM+8ZX6ySk8nYhVoo5CYaZyzt3YBvYtRtO+aoGlqxPg/B87NGVZ/fu6g=="],

    "webrtc-adapter": ["webrtc-adapter@9.0.1", "", { "dependencies": { "sdp": "^3.2.0" } }, "sha512-1AQO+d4ElfVSXyzNVTOewgGT/tAomwwztX/6e3totvyyzXPvXIIuUUjAmyZGbKBKbZOXauuJooZm3g6IuFuiNQ=="],

    "webview-bun": ["webview-bun@2.3.0", "", {}, "sha512-SYOksNzgjTajM+xhqdbhd1xzmCfDyqdmkLGSyZ5i30HRR5KTZJN6+cyE+OGCBFoPFBPmskUM3R99YXtQJqP7Qg=="],

    "window": ["window@workspace:packages/window"],
  }
}
